
Microsoft Visual Studio Solution File, Format Version 12.00
# Visual Studio Version 16
VisualStudioVersion = 16.0.810.6
MinimumVisualStudioVersion = 10.0.40219.1
Project("{FAE04EC0-301F-11D3-BF4B-00C04F79EFBC}") = "BelowDeckAPI", "BelowDeckAPI\BelowDeckAPI.csproj", "{835D072D-CB69-4AC1-8A41-793F1C9B4E4E}"
EndProject
Global
	GlobalSection(SolutionConfigurationPlatforms) = preSolution
		Debug|Any CPU = Debug|Any CPU
		Release|Any CPU = Release|Any CPU
	EndGlobalSection
	GlobalSection(ProjectConfigurationPlatforms) = postSolution
		{835D072D-CB69-4AC1-8A41-793F1C9B4E4E}.Debug|Any CPU.ActiveCfg = Debug|Any CPU
		{835D072D-CB69-4AC1-8A41-793F1C9B4E4E}.Debug|Any CPU.Build.0 = Debug|Any CPU
		{835D072D-CB69-4AC1-8A41-793F1C9B4E4E}.Release|Any CPU.ActiveCfg = Release|Any CPU
		{835D072D-CB69-4AC1-8A41-793F1C9B4E4E}.Release|Any CPU.Build.0 = Release|Any CPU
	EndGlobalSection
	GlobalSection(SolutionProperties) = preSolution
		HideSolutionNode = FALSE
	EndGlobalSection
	GlobalSection(ExtensibilityGlobals) = postSolution
		SolutionGuid = {F72F256B-0580-41B7-A2A1-6437E9ADBBFA}
	EndGlobalSection
EndGlobal
